{
  "version": 4,
  "terraform_version": "1.6.4",
  "serial": 16,
  "lineage": "4d7821f9-7390-7274-5120-ed76636b3bec",
  "outputs": {},
  "resources": [
    {
      "mode": "data",
      "type": "google_firebase_web_app_config",
      "name": "example",
      "provider": "provider[\"registry.terraform.io/hashicorp/google-beta\"]",
      "instances": [
        {
          "schema_version": 0,
          "attributes": {
            "api_key": "AIzaSyAJcbpEbWmlDHD-IbI8gI9nCEXtotJrfuI",
            "auth_domain": "scheduling-wakeup-ai.firebaseapp.com",
            "database_url": "",
            "id": "1:877554235318:web:2b3409e91a56bd4ef73317",
            "location_id": "",
            "measurement_id": "",
            "messaging_sender_id": "877554235318",
            "project": "scheduling-wakeup-ai",
            "storage_bucket": "scheduling-wakeup-ai.firebasestorage.app",
            "web_app_id": "1:877554235318:web:2b3409e91a56bd4ef73317"
          },
          "sensitive_attributes": []
        }
      ]
    },
    {
      "mode": "data",
      "type": "google_project",
      "name": "project",
      "provider": "provider[\"registry.terraform.io/hashicorp/google-beta\"]",
      "instances": [
        {
          "schema_version": 0,
          "attributes": {
            "auto_create_network": null,
            "billing_account": null,
            "deletion_policy": "DELETE",
            "effective_labels": {
              "firebase": "enabled",
              "firebase-core": "disabled"
            },
            "folder_id": null,
            "id": "projects/scheduling-wakeup-ai",
            "labels": {
              "firebase": "enabled",
              "firebase-core": "disabled"
            },
            "name": "Scheduling Wakeup AI",
            "number": "877554235318",
            "org_id": null,
            "project_id": "scheduling-wakeup-ai",
            "skip_delete": null,
            "terraform_labels": {
              "firebase": "enabled",
              "firebase-core": "disabled"
            }
          },
          "sensitive_attributes": []
        }
      ]
    },
    {
      "mode": "managed",
      "type": "google_apikeys_key",
      "name": "generativelanguage",
      "provider": "provider[\"registry.terraform.io/hashicorp/google-beta\"]",
      "instances": [
        {
          "schema_version": 0,
          "attributes": {
            "display_name": "Gemini API Key",
            "id": "projects/scheduling-wakeup-ai/locations/global/keys/gemini-api-key",
            "key_string": "AIzaSyChDBq2iBpdxB5t2yQ-pywL1KZ9HFSgKc4",
            "name": "gemini-api-key",
            "project": "scheduling-wakeup-ai",
            "restrictions": [
              {
                "android_key_restrictions": [],
                "api_targets": [
                  {
                    "methods": null,
                    "service": "generativelanguage.googleapis.com"
                  }
                ],
                "browser_key_restrictions": [
                  {
                    "allowed_referrers": [
                      "*"
                    ]
                  }
                ],
                "ios_key_restrictions": [],
                "server_key_restrictions": []
              }
            ],
            "timeouts": null,
            "uid": "035bce52-c7b2-474f-83c9-3b74bdb9fd51"
          },
          "sensitive_attributes": [],
          "private": "eyJlMmJmYjczMC1lY2FhLTExZTYtOGY4OC0zNDM2M2JjN2M0YzAiOnsiY3JlYXRlIjoxMjAwMDAwMDAwMDAwLCJkZWxldGUiOjEyMDAwMDAwMDAwMDAsInVwZGF0ZSI6MTIwMDAwMDAwMDAwMH19",
          "dependencies": [
            "google_project_service.services"
          ]
        }
      ]
    },
    {
      "mode": "managed",
      "type": "google_firebase_web_app",
      "name": "example",
      "provider": "provider[\"registry.terraform.io/hashicorp/google-beta\"]",
      "instances": [
        {
          "schema_version": 0,
          "attributes": {
            "api_key_id": "79029503-f0e0-4c04-8877-3ffc497871f9",
            "app_id": "1:877554235318:web:2b3409e91a56bd4ef73317",
            "app_urls": [],
            "deletion_policy": "DELETE",
            "display_name": "Make It So AI!",
            "id": "projects/scheduling-wakeup-ai/webApps/1:877554235318:web:2b3409e91a56bd4ef73317",
            "name": "projects/scheduling-wakeup-ai/webApps/1:877554235318:web:2b3409e91a56bd4ef73317",
            "project": "scheduling-wakeup-ai",
            "timeouts": null
          },
          "sensitive_attributes": [],
          "private": "eyJlMmJmYjczMC1lY2FhLTExZTYtOGY4OC0zNDM2M2JjN2M0YzAiOnsiY3JlYXRlIjoxMjAwMDAwMDAwMDAwLCJkZWxldGUiOjEyMDAwMDAwMDAwMDAsInVwZGF0ZSI6MTIwMDAwMDAwMDAwMH19"
        }
      ]
    },
    {
      "mode": "managed",
      "type": "google_firebaserules_release",
      "name": "firestore",
      "provider": "provider[\"registry.terraform.io/hashicorp/google-beta\"]",
      "instances": [
        {
          "schema_version": 0,
          "attributes": {
            "create_time": "2025-02-05T14:37:22.991928Z",
            "disabled": false,
            "id": "projects/scheduling-wakeup-ai/releases/cloud.firestore",
            "name": "cloud.firestore",
            "project": "scheduling-wakeup-ai",
            "ruleset_name": "3c850c60-4771-4d07-92d3-bf2812a40192",
            "timeouts": null,
            "update_time": "2025-02-05T14:37:22.991928Z"
          },
          "sensitive_attributes": [],
          "private": "eyJlMmJmYjczMC1lY2FhLTExZTYtOGY4OC0zNDM2M2JjN2M0YzAiOnsiY3JlYXRlIjoxMjAwMDAwMDAwMDAwLCJkZWxldGUiOjEyMDAwMDAwMDAwMDB9fQ==",
          "dependencies": [
            "google_firebaserules_ruleset.firestore",
            "google_firestore_database.database",
            "google_project_service.services",
            "local_file.firestore_rules"
          ]
        }
      ]
    },
    {
      "mode": "managed",
      "type": "google_firebaserules_ruleset",
      "name": "firestore",
      "provider": "provider[\"registry.terraform.io/hashicorp/google-beta\"]",
      "instances": [
        {
          "schema_version": 0,
          "attributes": {
            "create_time": "2025-02-05T14:37:22.096331Z",
            "id": "projects/scheduling-wakeup-ai/rulesets/3c850c60-4771-4d07-92d3-bf2812a40192",
            "metadata": [
              {
                "services": [
                  "cloud.firestore"
                ]
              }
            ],
            "name": "3c850c60-4771-4d07-92d3-bf2812a40192",
            "project": "scheduling-wakeup-ai",
            "source": [
              {
                "files": [
                  {
                    "content": "service cloud.firestore {\n  match /databases/{database}/documents/{document=**} {\n    allow read, write: if request.auth != null \u0026\u0026 request.time \u003c timestamp.date(2025, 3, 7);\n  }\n}\n",
                    "fingerprint": "",
                    "name": "firestore.rules"
                  }
                ],
                "language": ""
              }
            ],
            "timeouts": null
          },
          "sensitive_attributes": [],
          "private": "eyJlMmJmYjczMC1lY2FhLTExZTYtOGY4OC0zNDM2M2JjN2M0YzAiOnsiY3JlYXRlIjoxMjAwMDAwMDAwMDAwLCJkZWxldGUiOjEyMDAwMDAwMDAwMDB9fQ==",
          "dependencies": [
            "google_firestore_database.database",
            "google_project_service.services",
            "local_file.firestore_rules"
          ]
        }
      ]
    },
    {
      "mode": "managed",
      "type": "google_firestore_database",
      "name": "database",
      "provider": "provider[\"registry.terraform.io/hashicorp/google-beta\"]",
      "instances": [
        {
          "schema_version": 0,
          "attributes": {
            "app_engine_integration_mode": "DISABLED",
            "cmek_config": [],
            "concurrency_mode": "PESSIMISTIC",
            "create_time": "",
            "delete_protection_state": "DELETE_PROTECTION_DISABLED",
            "deletion_policy": "ABANDON",
            "earliest_version_time": "2025-02-05T14:37:10.802546Z",
            "etag": "II2sv4HhrIsDMPKgo/zgrIsD",
            "id": "projects/scheduling-wakeup-ai/databases/(default)",
            "key_prefix": "",
            "location_id": "nam5",
            "name": "(default)",
            "point_in_time_recovery_enablement": "POINT_IN_TIME_RECOVERY_DISABLED",
            "project": "scheduling-wakeup-ai",
            "timeouts": null,
            "type": "FIRESTORE_NATIVE",
            "uid": "abefb039-43ca-4e15-a4c2-0603a95b966c",
            "update_time": "",
            "version_retention_period": "3600s"
          },
          "sensitive_attributes": [],
          "private": "eyJlMmJmYjczMC1lY2FhLTExZTYtOGY4OC0zNDM2M2JjN2M0YzAiOnsiY3JlYXRlIjoxMjAwMDAwMDAwMDAwLCJkZWxldGUiOjEyMDAwMDAwMDAwMDAsInVwZGF0ZSI6MTIwMDAwMDAwMDAwMH19",
          "dependencies": [
            "google_project_service.services"
          ]
        }
      ]
    },
    {
      "mode": "managed",
      "type": "google_project_service",
      "name": "services",
      "provider": "provider[\"registry.terraform.io/hashicorp/google-beta\"]",
      "instances": [
        {
          "index_key": "apikeys.googleapis.com",
          "schema_version": 0,
          "attributes": {
            "check_if_service_has_usage_on_destroy": false,
            "disable_dependent_services": null,
            "disable_on_destroy": false,
            "id": "scheduling-wakeup-ai/apikeys.googleapis.com",
            "project": "scheduling-wakeup-ai",
            "service": "apikeys.googleapis.com",
            "timeouts": null
          },
          "sensitive_attributes": [],
          "private": "eyJlMmJmYjczMC1lY2FhLTExZTYtOGY4OC0zNDM2M2JjN2M0YzAiOnsiY3JlYXRlIjoxMjAwMDAwMDAwMDAwLCJkZWxldGUiOjEyMDAwMDAwMDAwMDAsInJlYWQiOjYwMDAwMDAwMDAwMCwidXBkYXRlIjoxMjAwMDAwMDAwMDAwfX0="
        },
        {
          "index_key": "firebaserules.googleapis.com",
          "schema_version": 0,
          "attributes": {
            "check_if_service_has_usage_on_destroy": false,
            "disable_dependent_services": null,
            "disable_on_destroy": false,
            "id": "scheduling-wakeup-ai/firebaserules.googleapis.com",
            "project": "scheduling-wakeup-ai",
            "service": "firebaserules.googleapis.com",
            "timeouts": null
          },
          "sensitive_attributes": [],
          "private": "eyJlMmJmYjczMC1lY2FhLTExZTYtOGY4OC0zNDM2M2JjN2M0YzAiOnsiY3JlYXRlIjoxMjAwMDAwMDAwMDAwLCJkZWxldGUiOjEyMDAwMDAwMDAwMDAsInJlYWQiOjYwMDAwMDAwMDAwMCwidXBkYXRlIjoxMjAwMDAwMDAwMDAwfX0="
        },
        {
          "index_key": "firestore.googleapis.com",
          "schema_version": 0,
          "attributes": {
            "check_if_service_has_usage_on_destroy": false,
            "disable_dependent_services": null,
            "disable_on_destroy": false,
            "id": "scheduling-wakeup-ai/firestore.googleapis.com",
            "project": "scheduling-wakeup-ai",
            "service": "firestore.googleapis.com",
            "timeouts": null
          },
          "sensitive_attributes": [],
          "private": "eyJlMmJmYjczMC1lY2FhLTExZTYtOGY4OC0zNDM2M2JjN2M0YzAiOnsiY3JlYXRlIjoxMjAwMDAwMDAwMDAwLCJkZWxldGUiOjEyMDAwMDAwMDAwMDAsInJlYWQiOjYwMDAwMDAwMDAwMCwidXBkYXRlIjoxMjAwMDAwMDAwMDAwfX0="
        },
        {
          "index_key": "generativelanguage.googleapis.com",
          "schema_version": 0,
          "attributes": {
            "check_if_service_has_usage_on_destroy": false,
            "disable_dependent_services": null,
            "disable_on_destroy": false,
            "id": "scheduling-wakeup-ai/generativelanguage.googleapis.com",
            "project": "scheduling-wakeup-ai",
            "service": "generativelanguage.googleapis.com",
            "timeouts": null
          },
          "sensitive_attributes": [],
          "private": "eyJlMmJmYjczMC1lY2FhLTExZTYtOGY4OC0zNDM2M2JjN2M0YzAiOnsiY3JlYXRlIjoxMjAwMDAwMDAwMDAwLCJkZWxldGUiOjEyMDAwMDAwMDAwMDAsInJlYWQiOjYwMDAwMDAwMDAwMCwidXBkYXRlIjoxMjAwMDAwMDAwMDAwfX0="
        },
        {
          "index_key": "serviceusage.googleapis.com",
          "schema_version": 0,
          "attributes": {
            "check_if_service_has_usage_on_destroy": false,
            "disable_dependent_services": null,
            "disable_on_destroy": false,
            "id": "scheduling-wakeup-ai/serviceusage.googleapis.com",
            "project": "scheduling-wakeup-ai",
            "service": "serviceusage.googleapis.com",
            "timeouts": null
          },
          "sensitive_attributes": [],
          "private": "eyJlMmJmYjczMC1lY2FhLTExZTYtOGY4OC0zNDM2M2JjN2M0YzAiOnsiY3JlYXRlIjoxMjAwMDAwMDAwMDAwLCJkZWxldGUiOjEyMDAwMDAwMDAwMDAsInJlYWQiOjYwMDAwMDAwMDAwMCwidXBkYXRlIjoxMjAwMDAwMDAwMDAwfX0="
        }
      ]
    },
    {
      "mode": "managed",
      "type": "google_service_usage_consumer_quota_override",
      "name": "generativelanguage",
      "provider": "provider[\"registry.terraform.io/hashicorp/google-beta\"]",
      "instances": [
        {
          "schema_version": 0,
          "attributes": {
            "dimensions": null,
            "force": true,
            "id": "projects/scheduling-wakeup-ai/services/generativelanguage.googleapis.com/consumerQuotaMetrics/generativelanguage.googleapis.com%2Fgenerate_requests_per_model/limits/%2Fmin%2Fmodel%2Fproject/consumerOverrides/Cg1RdW90YU92ZXJyaWRl",
            "limit": "%2Fmin%2Fmodel%2Fproject",
            "metric": "generativelanguage.googleapis.com%2Fgenerate_requests_per_model",
            "name": "Cg1RdW90YU92ZXJyaWRl",
            "override_value": "10",
            "project": "scheduling-wakeup-ai",
            "service": "generativelanguage.googleapis.com",
            "timeouts": null
          },
          "sensitive_attributes": [],
          "private": "eyJlMmJmYjczMC1lY2FhLTExZTYtOGY4OC0zNDM2M2JjN2M0YzAiOnsiY3JlYXRlIjoxMjAwMDAwMDAwMDAwLCJkZWxldGUiOjEyMDAwMDAwMDAwMDAsInVwZGF0ZSI6MTIwMDAwMDAwMDAwMH19",
          "dependencies": [
            "google_project_service.services"
          ]
        }
      ]
    },
    {
      "mode": "managed",
      "type": "local_file",
      "name": "environment_ts",
      "provider": "provider[\"registry.terraform.io/hashicorp/local\"]",
      "instances": [
        {
          "schema_version": 0,
          "attributes": {
            "content": "export const environment = {\n  firebase: {\n      apiKey: 'AIzaSyAJcbpEbWmlDHD-IbI8gI9nCEXtotJrfuI',\n      authDomain: 'scheduling-wakeup-ai.firebaseapp.com',\n      databaseURL: '',\n      projectId: 'scheduling-wakeup-ai',\n      storageBucket: 'scheduling-wakeup-ai.firebasestorage.app',\n      messagingSenderId: '877554235318',\n      appId: '1:877554235318:web:2b3409e91a56bd4ef73317',\n      measurementId: '',\n  },\n  gemini_api_key: 'AIzaSyChDBq2iBpdxB5t2yQ-pywL1KZ9HFSgKc4',\n  debug_token: ''\n};",
            "content_base64": null,
            "content_base64sha256": "86X5FTMoaLoLgcrr6kIXLBDnFuk8Tikod+vRq2Y8MOo=",
            "content_base64sha512": "WjOtjK6GrNTYgETM6KwHpOXwuANVt2jGrn46xaJ2IeRq9mcYYpW7gk2qH4Nk+PvwSea99Gk0UdH/a3FgGnjifQ==",
            "content_md5": "3a7fe3999ff4678317a5ceceb151faa2",
            "content_sha1": "e6a706c7412f04d9a35331b138f3b5fb45b4428d",
            "content_sha256": "f3a5f915332868ba0b81caebea42172c10e716e93c4e292877ebd1ab663c30ea",
            "content_sha512": "5a33ad8cae86acd4d88044cce8ac07a4e5f0b80355b768c6ae7e3ac5a27621e46af667186295bb824daa1f8364f8fbf049e6bdf4693451d1ff6b71601a78e27d",
            "directory_permission": "0777",
            "file_permission": "0777",
            "filename": "./src/environments/environments.ts",
            "id": "e6a706c7412f04d9a35331b138f3b5fb45b4428d",
            "sensitive_content": null,
            "source": null
          },
          "sensitive_attributes": [
            [
              {
                "type": "get_attr",
                "value": "content"
              }
            ]
          ],
          "dependencies": [
            "data.google_firebase_web_app_config.example",
            "data.google_project.project",
            "google_apikeys_key.generativelanguage",
            "google_firebase_web_app.example",
            "google_project_service.services"
          ]
        }
      ]
    },
    {
      "mode": "managed",
      "type": "local_file",
      "name": "firebaserc",
      "provider": "provider[\"registry.terraform.io/hashicorp/local\"]",
      "instances": [
        {
          "schema_version": 0,
          "attributes": {
            "content": "{\"projects\":{\"default\":\"scheduling-wakeup-ai\"}}",
            "content_base64": null,
            "content_base64sha256": "c9Z87rzgSXHLLjXstoIeL8KlacDUv4GETfZFc0BmP7k=",
            "content_base64sha512": "oTqJ+wmc+XLuR5PdFbrUYutGGai0taxZP8DzJ3XSS7S2Ui1hHidI3tjMtfDyYZoPzQtekOcp9aV2wfsp8tLTIw==",
            "content_md5": "c8499ff046507b082e702a4db6799f46",
            "content_sha1": "edd7668b3aab60273906583970efeee9fe41ac86",
            "content_sha256": "73d67ceebce04971cb2e35ecb6821e2fc2a569c0d4bf81844df6457340663fb9",
            "content_sha512": "a13a89fb099cf972ee4793dd15bad462eb4619a8b4b5ac593fc0f32775d24bb4b6522d611e2748ded8ccb5f0f2619a0fcd0b5e90e729f5a576c1fb29f2d2d323",
            "directory_permission": "0777",
            "file_permission": "0777",
            "filename": "./.firebaserc",
            "id": "edd7668b3aab60273906583970efeee9fe41ac86",
            "sensitive_content": null,
            "source": null
          },
          "sensitive_attributes": []
        }
      ]
    },
    {
      "mode": "managed",
      "type": "local_file",
      "name": "firestore_rules",
      "provider": "provider[\"registry.terraform.io/hashicorp/local\"]",
      "instances": [
        {
          "schema_version": 0,
          "attributes": {
            "content": "service cloud.firestore {\n  match /databases/{database}/documents/{document=**} {\n    allow read, write: if request.auth != null \u0026\u0026 request.time \u003c timestamp.date(2025, 3, 7);\n  }\n}\n",
            "content_base64": null,
            "content_base64sha256": "m9CiL+69Jq8p18pNGR/dK3lu+OPITuwWZmEWgv//+v4=",
            "content_base64sha512": "PRStBQrbMHFJzxauFQBzZAkhKMKxJBmzR3dRcKb0SQHDFCCJc86aDSv4sBvVP0K95Yc0krWpBbaIcD+c1xuMfQ==",
            "content_md5": "abf17f29f08116c17cab82983178bc7c",
            "content_sha1": "5b55692e7275780c61932da50d670a892d287c11",
            "content_sha256": "9bd0a22feebd26af29d7ca4d191fdd2b796ef8e3c84eec1666611682fffffafe",
            "content_sha512": "3d14ad050adb307149cf16ae15007364092128c2b12419b347775170a6f44901c314208973ce9a0d2bf8b01bd53f42bde5873492b5a905b688703f9cd71b8c7d",
            "directory_permission": "0777",
            "file_permission": "0777",
            "filename": "./firestore.rules",
            "id": "5b55692e7275780c61932da50d670a892d287c11",
            "sensitive_content": null,
            "source": null
          },
          "sensitive_attributes": []
        }
      ]
    }
  ],
  "check_results": null
}
